{
  "nodes": {
    "haskellNix": {
      "inputs": {
        "nixpkgs": "nixpkgs",
        "nixpkgs-2003": "nixpkgs-2003",
        "nixpkgs-2009": "nixpkgs-2009",
        "nixpkgs-unstable": "nixpkgs-unstable"
      },
      "locked": {
        "lastModified": 1619140872,
        "narHash": "sha256-yJqafyduz7t/Xso6FaHdpyDEb1gWDIuRIU58fikm5Ds=",
        "owner": "input-output-hk",
        "repo": "haskell.nix",
        "rev": "9b7c3e6bb0f95759a582e710dc41b2607a775b26",
        "type": "github"
      },
      "original": {
        "owner": "input-output-hk",
        "repo": "haskell.nix",
        "type": "github"
      }
    },
    "iohkNix": {
      "locked": {
        "lastModified": 1619165003,
        "narHash": "sha256-9KmxPbpyscmc9NI99SNE5DzDe1XOb4qb02bl3vnJJ/E=",
        "owner": "input-output-hk",
        "repo": "iohk-nix",
        "rev": "4b3093d4758a41592ef1a103aad176d5c09db2c6",
        "type": "github"
      },
      "original": {
        "owner": "input-output-hk",
        "ref": "flake",
        "repo": "iohk-nix",
        "type": "github"
      }
    },
    "nixpkgs": {
      "locked": {
        "lastModified": 1608007629,
        "narHash": "sha256-lipVFC/a2pzzA5X2ULj64je+fz1JIp2XRrB5qyoizpQ=",
        "owner": "NixOS",
        "repo": "nixpkgs",
        "rev": "f02bf8ffb9a5ec5e8f6f66f1e5544fd2aa1a0693",
        "type": "github"
      },
      "original": {
        "owner": "NixOS",
        "repo": "nixpkgs",
        "rev": "f02bf8ffb9a5ec5e8f6f66f1e5544fd2aa1a0693",
        "type": "github"
      }
    },
    "nixpkgs-2003": {
      "locked": {
        "lastModified": 1607708579,
        "narHash": "sha256-QyADEDydJJPa8n3xawnA82IJAcZHNNm6Pp5DU7exMr4=",
        "owner": "NixOS",
        "repo": "nixpkgs",
        "rev": "7f73e46625f508a793700f5110b86f1a53341d6e",
        "type": "github"
      },
      "original": {
        "owner": "NixOS",
        "repo": "nixpkgs",
        "rev": "7f73e46625f508a793700f5110b86f1a53341d6e",
        "type": "github"
      }
    },
    "nixpkgs-2009": {
      "locked": {
        "lastModified": 1608007629,
        "narHash": "sha256-lipVFC/a2pzzA5X2ULj64je+fz1JIp2XRrB5qyoizpQ=",
        "owner": "NixOS",
        "repo": "nixpkgs",
        "rev": "f02bf8ffb9a5ec5e8f6f66f1e5544fd2aa1a0693",
        "type": "github"
      },
      "original": {
        "owner": "NixOS",
        "repo": "nixpkgs",
        "rev": "f02bf8ffb9a5ec5e8f6f66f1e5544fd2aa1a0693",
        "type": "github"
      }
    },
    "nixpkgs-unstable": {
      "locked": {
        "lastModified": 1612284693,
        "narHash": "sha256-efzJNF1jvjK3BMl0gZ0ZaUWcFMv0nLb9AHN/++5+u0U=",
        "owner": "NixOS",
        "repo": "nixpkgs",
        "rev": "410bbd828cdc6156aecd5bc91772ad3a6b1099c7",
        "type": "github"
      },
      "original": {
        "owner": "NixOS",
        "repo": "nixpkgs",
        "rev": "410bbd828cdc6156aecd5bc91772ad3a6b1099c7",
        "type": "github"
      }
    },
    "root": {
      "inputs": {
        "haskellNix": "haskellNix",
        "iohkNix": "iohkNix",
        "nixpkgs": [
          "haskellNix",
          "nixpkgs-unstable"
        ],
        "utils": "utils"
      }
    },
    "utils": {
      "locked": {
        "lastModified": 1618868421,
        "narHash": "sha256-vyoJhLV6cJ8/tWz+l9HZLIkb9Rd9esE7p+0RL6zDR6Y=",
        "owner": "numtide",
        "repo": "flake-utils",
        "rev": "eed214942bcfb3a8cc09eb3b28ca7d7221e44a94",
        "type": "github"
      },
      "original": {
        "owner": "numtide",
        "repo": "flake-utils",
        "type": "github"
      }
    }
  },
  "root": "root",
  "version": 7
}
